# This file is autogenerated, do not edit; changes may be undone by the next 'dep ensure'.


[[projects]]
  name = "github.com/aws/aws-lambda-go"
  packages = [
    "events",
    "lambda",
    "lambda/messages",
    "lambdacontext"
  ]
  revision = "6e2e37798efbb1dfd8e9c6681702e683a6046517"
  version = "v1.0.1"

[[projects]]
  branch = "master"
  name = "github.com/lorenzobenvenuti/ifttt"
  packages = ["."]
  revision = "fcf7387624e1dd2bf199f699ea4df5e3a092c8f1"

[solve-meta]
  analyzer-name = "dep"
  analyzer-version = 1
  inputs-digest = "cc650a7b52c89d6a83f4d0a355139a4bccfc06bb7d201f3b87a933aabdf5ca06"
  solver-name = "gps-cdcl"
  solver-version = 1
